
Microsoft Visual Studio Solution File, Format Version 12.00
# Visual Studio Version 17
VisualStudioVersion = 17.4.33122.133
MinimumVisualStudioVersion = 10.0.40219.1
Project("{888888A0-9F3D-457C-B088-3A5042F75D52}") = "Pong-Python", "Pong-Python\Pong-Python.pyproj", "{3EECACDF-F9A4-4194-AB48-2CB52DD9CD67}"
EndProject
Global
	GlobalSection(SolutionConfigurationPlatforms) = preSolution
		Debug|Any CPU = Debug|Any CPU
		Release|Any CPU = Release|Any CPU
	EndGlobalSection
	GlobalSection(ProjectConfigurationPlatforms) = postSolution
		{3EECACDF-F9A4-4194-AB48-2CB52DD9CD67}.Debug|Any CPU.ActiveCfg = Debug|Any CPU
		{3EECACDF-F9A4-4194-AB48-2CB52DD9CD67}.Release|Any CPU.ActiveCfg = Release|Any CPU
	EndGlobalSection
	GlobalSection(SolutionProperties) = preSolution
		HideSolutionNode = FALSE
	EndGlobalSection
	GlobalSection(ExtensibilityGlobals) = postSolution
		SolutionGuid = {737C8957-0471-414F-9060-A78CC1F05FB7}
	EndGlobalSection
EndGlobal
